
Microsoft Visual Studio Solution File, Format Version 12.00
# Visual Studio Version 17
VisualStudioVersion = 17.7.34221.43
MinimumVisualStudioVersion = 10.0.40219.1
Project("{FAE04EC0-301F-11D3-BF4B-00C04F79EFBC}") = "DoAnBanHang", "DoAnBanHang.csproj", "{693F0F96-5077-4969-BCDF-D419B5DDC963}"
EndProject
Global
	GlobalSection(SolutionConfigurationPlatforms) = preSolution
		Debug|Any CPU = Debug|Any CPU
		Release|Any CPU = Release|Any CPU
	EndGlobalSection
	GlobalSection(ProjectConfigurationPlatforms) = postSolution
		{693F0F96-5077-4969-BCDF-D419B5DDC963}.Debug|Any CPU.ActiveCfg = Debug|Any CPU
		{693F0F96-5077-4969-BCDF-D419B5DDC963}.Debug|Any CPU.Build.0 = Debug|Any CPU
		{693F0F96-5077-4969-BCDF-D419B5DDC963}.Release|Any CPU.ActiveCfg = Release|Any CPU
		{693F0F96-5077-4969-BCDF-D419B5DDC963}.Release|Any CPU.Build.0 = Release|Any CPU
	EndGlobalSection
	GlobalSection(SolutionProperties) = preSolution
		HideSolutionNode = FALSE
	EndGlobalSection
	GlobalSection(ExtensibilityGlobals) = postSolution
		SolutionGuid = {E8129497-3094-4728-8000-9C373C440564}
	EndGlobalSection
EndGlobal
